
Microsoft Visual Studio Solution File, Format Version 12.00
# Visual Studio Version 17
VisualStudioVersion = 17.11.35222.181
MinimumVisualStudioVersion = 10.0.40219.1
Project("{FAE04EC0-301F-11D3-BF4B-00C04F79EFBC}") = "jeux_de_maths", "jeux_de_maths\jeux_de_maths.csproj", "{B4DB0D40-A892-4ED2-8C3A-8E279630205D}"
EndProject
Global
	GlobalSection(SolutionConfigurationPlatforms) = preSolution
		Debug|Any CPU = Debug|Any CPU
		Release|Any CPU = Release|Any CPU
	EndGlobalSection
	GlobalSection(ProjectConfigurationPlatforms) = postSolution
		{B4DB0D40-A892-4ED2-8C3A-8E279630205D}.Debug|Any CPU.ActiveCfg = Debug|Any CPU
		{B4DB0D40-A892-4ED2-8C3A-8E279630205D}.Debug|Any CPU.Build.0 = Debug|Any CPU
		{B4DB0D40-A892-4ED2-8C3A-8E279630205D}.Release|Any CPU.ActiveCfg = Release|Any CPU
		{B4DB0D40-A892-4ED2-8C3A-8E279630205D}.Release|Any CPU.Build.0 = Release|Any CPU
	EndGlobalSection
	GlobalSection(SolutionProperties) = preSolution
		HideSolutionNode = FALSE
	EndGlobalSection
	GlobalSection(ExtensibilityGlobals) = postSolution
		SolutionGuid = {4CB7D656-253E-482E-87CF-6ECAE170652A}
	EndGlobalSection
EndGlobal
